// !$*UTF8*$!
{
	archiveVersion = 1;
	classes = {
	};
	objectVersion = 56;
	objects = {

/* Begin PBXBuildFile section */
		C212C2162BF2117D004C8FC0 /* AppDelegate.swift in Sources */ = {isa = PBXBuildFile; fileRef = C212C2152BF2117D004C8FC0 /* AppDelegate.swift */; };
		C212C2182BF2117D004C8FC0 /* SceneDelegate.swift in Sources */ = {isa = PBXBuildFile; fileRef = C212C2172BF2117D004C8FC0 /* SceneDelegate.swift */; };
		C212C21A2BF2117D004C8FC0 /* ViewController.swift in Sources */ = {isa = PBXBuildFile; fileRef = C212C2192BF2117D004C8FC0 /* ViewController.swift */; };
		C212C21D2BF2117D004C8FC0 /* Base in Resources */ = {isa = PBXBuildFile; fileRef = C212C21C2BF2117D004C8FC0 /* Base */; };
		C212C21F2BF2117F004C8FC0 /* Assets.xcassets in Resources */ = {isa = PBXBuildFile; fileRef = C212C21E2BF2117F004C8FC0 /* Assets.xcassets */; };
		C212C2222BF2117F004C8FC0 /* Base in Resources */ = {isa = PBXBuildFile; fileRef = C212C2212BF2117F004C8FC0 /* Base */; };
		C212C22A2BF212E2004C8FC0 /* Barrack.swift in Sources */ = {isa = PBXBuildFile; fileRef = C212C2292BF212E2004C8FC0 /* Barrack.swift */; };
		C212C22C2BF2E98E004C8FC0 /* UnitCreator.swift in Sources */ = {isa = PBXBuildFile; fileRef = C212C22B2BF2E98E004C8FC0 /* UnitCreator.swift */; };
		C212C2372BF2EDAD004C8FC0 /* UnitCreatorTests.swift in Sources */ = {isa = PBXBuildFile; fileRef = C212C2362BF2EDAD004C8FC0 /* UnitCreatorTests.swift */; };
		C212C23F2BF2EEBE004C8FC0 /* DequeModule in Frameworks */ = {isa = PBXBuildFile; productRef = C212C23E2BF2EEBE004C8FC0 /* DequeModule */; };
		C212C2422BF33EC7004C8FC0 /* Unit.swift in Sources */ = {isa = PBXBuildFile; fileRef = C212C2412BF33EC7004C8FC0 /* Unit.swift */; };
		C24802342BF6EE47007E291C /* BarrackView.swift in Sources */ = {isa = PBXBuildFile; fileRef = C24802332BF6EE47007E291C /* BarrackView.swift */; };
		C27D3ABF2BFEDC8F00FB2911 /* ZertUnit.swift in Sources */ = {isa = PBXBuildFile; fileRef = C27D3ABE2BFEDC8F00FB2911 /* ZertUnit.swift */; };
		C27D3AB72BFED8B500FB2911 /* TerrenBuildingType.swift in Sources */ = {isa = PBXBuildFile; fileRef = C27D3AB62BFED8B500FB2911 /* TerrenBuildingType.swift */; };
		C27D3ABB2BFED8F200FB2911 /* BuildingType.swift in Sources */ = {isa = PBXBuildFile; fileRef = C27D3AB92BFED8F200FB2911 /* BuildingType.swift */; };
		C27D3ABD2BFEDA0000FB2911 /* TerranBuildingType.swift in Sources */ = {isa = PBXBuildFile; fileRef = C27D3ABC2BFEDA0000FB2911 /* TerranBuildingType.swift */; };

/* End PBXBuildFile section */

/* Begin PBXContainerItemProxy section */
		C212C2382BF2EDAD004C8FC0 /* PBXContainerItemProxy */ = {
			isa = PBXContainerItemProxy;
			containerPortal = C212C20A2BF2117D004C8FC0 /* Project object */;
			proxyType = 1;
			remoteGlobalIDString = C212C2112BF2117D004C8FC0;
			remoteInfo = UnitCreator;
		};
/* End PBXContainerItemProxy section */

/* Begin PBXFileReference section */
		C212C2122BF2117D004C8FC0 /* UnitCreator.app */ = {isa = PBXFileReference; explicitFileType = wrapper.application; includeInIndex = 0; path = UnitCreator.app; sourceTree = BUILT_PRODUCTS_DIR; };
		C212C2152BF2117D004C8FC0 /* AppDelegate.swift */ = {isa = PBXFileReference; lastKnownFileType = sourcecode.swift; path = AppDelegate.swift; sourceTree = "<group>"; };
		C212C2172BF2117D004C8FC0 /* SceneDelegate.swift */ = {isa = PBXFileReference; lastKnownFileType = sourcecode.swift; path = SceneDelegate.swift; sourceTree = "<group>"; };
		C212C2192BF2117D004C8FC0 /* ViewController.swift */ = {isa = PBXFileReference; lastKnownFileType = sourcecode.swift; path = ViewController.swift; sourceTree = "<group>"; };
		C212C21C2BF2117D004C8FC0 /* Base */ = {isa = PBXFileReference; lastKnownFileType = file.storyboard; name = Base; path = Base.lproj/Main.storyboard; sourceTree = "<group>"; };
		C212C21E2BF2117F004C8FC0 /* Assets.xcassets */ = {isa = PBXFileReference; lastKnownFileType = folder.assetcatalog; path = Assets.xcassets; sourceTree = "<group>"; };
		C212C2212BF2117F004C8FC0 /* Base */ = {isa = PBXFileReference; lastKnownFileType = file.storyboard; name = Base; path = Base.lproj/LaunchScreen.storyboard; sourceTree = "<group>"; };
		C212C2232BF2117F004C8FC0 /* Info.plist */ = {isa = PBXFileReference; lastKnownFileType = text.plist.xml; path = Info.plist; sourceTree = "<group>"; };
		C212C2292BF212E2004C8FC0 /* Barrack.swift */ = {isa = PBXFileReference; lastKnownFileType = sourcecode.swift; path = Barrack.swift; sourceTree = "<group>"; };
		C212C22B2BF2E98E004C8FC0 /* UnitCreator.swift */ = {isa = PBXFileReference; lastKnownFileType = sourcecode.swift; path = UnitCreator.swift; sourceTree = "<group>"; };
		C212C2342BF2EDAD004C8FC0 /* UnitCreatorTests.xctest */ = {isa = PBXFileReference; explicitFileType = wrapper.cfbundle; includeInIndex = 0; path = UnitCreatorTests.xctest; sourceTree = BUILT_PRODUCTS_DIR; };
		C212C2362BF2EDAD004C8FC0 /* UnitCreatorTests.swift */ = {isa = PBXFileReference; lastKnownFileType = sourcecode.swift; path = UnitCreatorTests.swift; sourceTree = "<group>"; };
		C212C2412BF33EC7004C8FC0 /* Unit.swift */ = {isa = PBXFileReference; lastKnownFileType = sourcecode.swift; path = Unit.swift; sourceTree = "<group>"; };
		C24802332BF6EE47007E291C /* BarrackView.swift */ = {isa = PBXFileReference; lastKnownFileType = sourcecode.swift; path = BarrackView.swift; sourceTree = "<group>"; };
		C27D3ABE2BFEDC8F00FB2911 /* ZertUnit.swift */ = {isa = PBXFileReference; lastKnownFileType = sourcecode.swift; path = ZertUnit.swift; sourceTree = "<group>"; };
		C27D3AB62BFED8B500FB2911 /* TerrenBuildingType.swift */ = {isa = PBXFileReference; lastKnownFileType = sourcecode.swift; path = TerrenBuildingType.swift; sourceTree = "<group>"; };
		C27D3AB92BFED8F200FB2911 /* BuildingType.swift */ = {isa = PBXFileReference; fileEncoding = 4; lastKnownFileType = sourcecode.swift; path = BuildingType.swift; sourceTree = "<group>"; };
		C27D3ABC2BFEDA0000FB2911 /* TerranBuildingType.swift */ = {isa = PBXFileReference; lastKnownFileType = sourcecode.swift; path = TerranBuildingType.swift; sourceTree = "<group>"; };
/* End PBXFileReference section */

/* Begin PBXFrameworksBuildPhase section */
		C212C20F2BF2117D004C8FC0 /* Frameworks */ = {
			isa = PBXFrameworksBuildPhase;
			buildActionMask = 2147483647;
			files = (
				C212C23F2BF2EEBE004C8FC0 /* DequeModule in Frameworks */,
			);
			runOnlyForDeploymentPostprocessing = 0;
		};
		C212C2312BF2EDAD004C8FC0 /* Frameworks */ = {
			isa = PBXFrameworksBuildPhase;
			buildActionMask = 2147483647;
			files = (
			);
			runOnlyForDeploymentPostprocessing = 0;
		};
/* End PBXFrameworksBuildPhase section */

/* Begin PBXGroup section */
		C212C2092BF2117D004C8FC0 = {
			isa = PBXGroup;
			children = (
				C212C2142BF2117D004C8FC0 /* UnitCreator */,
				C212C2352BF2EDAD004C8FC0 /* UnitCreatorTests */,
				C212C2132BF2117D004C8FC0 /* Products */,
				C212C23D2BF2EEBE004C8FC0 /* Frameworks */,
			);
			sourceTree = "<group>";
		};
		C212C2132BF2117D004C8FC0 /* Products */ = {
			isa = PBXGroup;
			children = (
				C212C2122BF2117D004C8FC0 /* UnitCreator.app */,
				C212C2342BF2EDAD004C8FC0 /* UnitCreatorTests.xctest */,
			);
			name = Products;
			sourceTree = "<group>";
		};
		C212C2142BF2117D004C8FC0 /* UnitCreator */ = {
			isa = PBXGroup;
			children = (
				C27D3ABA2BFED8F200FB2911 /* Building */,
				C212C2152BF2117D004C8FC0 /* AppDelegate.swift */,
				C212C2172BF2117D004C8FC0 /* SceneDelegate.swift */,
				C212C2192BF2117D004C8FC0 /* ViewController.swift */,
				C212C2292BF212E2004C8FC0 /* Barrack.swift */,
				C212C2412BF33EC7004C8FC0 /* Unit.swift */,
				C27D3ABE2BFEDC8F00FB2911 /* ZertUnit.swift */,
				C212C22B2BF2E98E004C8FC0 /* UnitCreator.swift */,
				C212C21B2BF2117D004C8FC0 /* Main.storyboard */,
				C212C21E2BF2117F004C8FC0 /* Assets.xcassets */,
				C212C2202BF2117F004C8FC0 /* LaunchScreen.storyboard */,
				C212C2232BF2117F004C8FC0 /* Info.plist */,
				C24802332BF6EE47007E291C /* BarrackView.swift */,
				C27D3AB62BFED8B500FB2911 /* TerrenBuildingType.swift */,
			);
			path = UnitCreator;
			sourceTree = "<group>";
		};
		C212C2352BF2EDAD004C8FC0 /* UnitCreatorTests */ = {
			isa = PBXGroup;
			children = (
				C212C2362BF2EDAD004C8FC0 /* UnitCreatorTests.swift */,
			);
			path = UnitCreatorTests;
			sourceTree = "<group>";
		};
		C212C23D2BF2EEBE004C8FC0 /* Frameworks */ = {
			isa = PBXGroup;
			children = (
			);
			name = Frameworks;
			sourceTree = "<group>";
		};
		C27D3ABA2BFED8F200FB2911 /* Building */ = {
			isa = PBXGroup;
			children = (
				C27D3AB92BFED8F200FB2911 /* BuildingType.swift */,
				C27D3ABC2BFEDA0000FB2911 /* TerranBuildingType.swift */,
			);
			path = Building;
			sourceTree = "<group>";
		};
/* End PBXGroup section */

/* Begin PBXNativeTarget section */
		C212C2112BF2117D004C8FC0 /* UnitCreator */ = {
			isa = PBXNativeTarget;
			buildConfigurationList = C212C2262BF2117F004C8FC0 /* Build configuration list for PBXNativeTarget "UnitCreator" */;
			buildPhases = (
				C212C20E2BF2117D004C8FC0 /* Sources */,
				C212C20F2BF2117D004C8FC0 /* Frameworks */,
				C212C2102BF2117D004C8FC0 /* Resources */,
			);
			buildRules = (
			);
			dependencies = (
			);
			name = UnitCreator;
			packageProductDependencies = (
				C212C23E2BF2EEBE004C8FC0 /* DequeModule */,
			);
			productName = UnitCreator;
			productReference = C212C2122BF2117D004C8FC0 /* UnitCreator.app */;
			productType = "com.apple.product-type.application";
		};
		C212C2332BF2EDAD004C8FC0 /* UnitCreatorTests */ = {
			isa = PBXNativeTarget;
			buildConfigurationList = C212C23A2BF2EDAD004C8FC0 /* Build configuration list for PBXNativeTarget "UnitCreatorTests" */;
			buildPhases = (
				C212C2302BF2EDAD004C8FC0 /* Sources */,
				C212C2312BF2EDAD004C8FC0 /* Frameworks */,
				C212C2322BF2EDAD004C8FC0 /* Resources */,
			);
			buildRules = (
			);
			dependencies = (
				C212C2392BF2EDAD004C8FC0 /* PBXTargetDependency */,
			);
			name = UnitCreatorTests;
			productName = UnitCreatorTests;
			productReference = C212C2342BF2EDAD004C8FC0 /* UnitCreatorTests.xctest */;
			productType = "com.apple.product-type.bundle.unit-test";
		};
/* End PBXNativeTarget section */

/* Begin PBXProject section */
		C212C20A2BF2117D004C8FC0 /* Project object */ = {
			isa = PBXProject;
			attributes = {
				BuildIndependentTargetsInParallel = 1;
				LastSwiftUpdateCheck = 1530;
				LastUpgradeCheck = 1530;
				TargetAttributes = {
					C212C2112BF2117D004C8FC0 = {
						CreatedOnToolsVersion = 15.3;
					};
					C212C2332BF2EDAD004C8FC0 = {
						CreatedOnToolsVersion = 15.3;
						TestTargetID = C212C2112BF2117D004C8FC0;
					};
				};
			};
			buildConfigurationList = C212C20D2BF2117D004C8FC0 /* Build configuration list for PBXProject "UnitCreator" */;
			compatibilityVersion = "Xcode 14.0";
			developmentRegion = en;
			hasScannedForEncodings = 0;
			knownRegions = (
				en,
				Base,
			);
			mainGroup = C212C2092BF2117D004C8FC0;
			packageReferences = (
				C212C22D2BF2EC58004C8FC0 /* XCRemoteSwiftPackageReference "swift-collections" */,
			);
			productRefGroup = C212C2132BF2117D004C8FC0 /* Products */;
			projectDirPath = "";
			projectRoot = "";
			targets = (
				C212C2112BF2117D004C8FC0 /* UnitCreator */,
				C212C2332BF2EDAD004C8FC0 /* UnitCreatorTests */,
			);
		};
/* End PBXProject section */

/* Begin PBXResourcesBuildPhase section */
		C212C2102BF2117D004C8FC0 /* Resources */ = {
			isa = PBXResourcesBuildPhase;
			buildActionMask = 2147483647;
			files = (
				C212C21F2BF2117F004C8FC0 /* Assets.xcassets in Resources */,
				C212C2222BF2117F004C8FC0 /* Base in Resources */,
				C212C21D2BF2117D004C8FC0 /* Base in Resources */,
			);
			runOnlyForDeploymentPostprocessing = 0;
		};
		C212C2322BF2EDAD004C8FC0 /* Resources */ = {
			isa = PBXResourcesBuildPhase;
			buildActionMask = 2147483647;
			files = (
			);
			runOnlyForDeploymentPostprocessing = 0;
		};
/* End PBXResourcesBuildPhase section */

/* Begin PBXSourcesBuildPhase section */
		C212C20E2BF2117D004C8FC0 /* Sources */ = {
			isa = PBXSourcesBuildPhase;
			buildActionMask = 2147483647;
			files = (
				C27D3ABB2BFED8F200FB2911 /* BuildingType.swift in Sources */,
				C212C21A2BF2117D004C8FC0 /* ViewController.swift in Sources */,
				C27D3AB72BFED8B500FB2911 /* TerrenBuildingType.swift in Sources */,
				C212C22C2BF2E98E004C8FC0 /* UnitCreator.swift in Sources */,
				C212C2162BF2117D004C8FC0 /* AppDelegate.swift in Sources */,
				C212C2422BF33EC7004C8FC0 /* Unit.swift in Sources */,
				C212C22A2BF212E2004C8FC0 /* Barrack.swift in Sources */,
				C212C2182BF2117D004C8FC0 /* SceneDelegate.swift in Sources */,
				C27D3ABF2BFEDC8F00FB2911 /* ZertUnit.swift in Sources */,
				C24802342BF6EE47007E291C /* BarrackView.swift in Sources */,
				C27D3ABD2BFEDA0000FB2911 /* TerranBuildingType.swift in Sources */,
			);
			runOnlyForDeploymentPostprocessing = 0;
		};
		C212C2302BF2EDAD004C8FC0 /* Sources */ = {
			isa = PBXSourcesBuildPhase;
			buildActionMask = 2147483647;
			files = (
				C212C2372BF2EDAD004C8FC0 /* UnitCreatorTests.swift in Sources */,
			);
			runOnlyForDeploymentPostprocessing = 0;
		};
/* End PBXSourcesBuildPhase section */

/* Begin PBXTargetDependency section */
		C212C2392BF2EDAD004C8FC0 /* PBXTargetDependency */ = {
			isa = PBXTargetDependency;
			target = C212C2112BF2117D004C8FC0 /* UnitCreator */;
			targetProxy = C212C2382BF2EDAD004C8FC0 /* PBXContainerItemProxy */;
		};
/* End PBXTargetDependency section */

/* Begin PBXVariantGroup section */
		C212C21B2BF2117D004C8FC0 /* Main.storyboard */ = {
			isa = PBXVariantGroup;
			children = (
				C212C21C2BF2117D004C8FC0 /* Base */,
			);
			name = Main.storyboard;
			sourceTree = "<group>";
		};
		C212C2202BF2117F004C8FC0 /* LaunchScreen.storyboard */ = {
			isa = PBXVariantGroup;
			children = (
				C212C2212BF2117F004C8FC0 /* Base */,
			);
			name = LaunchScreen.storyboard;
			sourceTree = "<group>";
		};
/* End PBXVariantGroup section */

/* Begin XCBuildConfiguration section */
		C212C2242BF2117F004C8FC0 /* Debug */ = {
			isa = XCBuildConfiguration;
			buildSettings = {
				ALWAYS_SEARCH_USER_PATHS = NO;
				ASSETCATALOG_COMPILER_GENERATE_SWIFT_ASSET_SYMBOL_EXTENSIONS = YES;
				CLANG_ANALYZER_NONNULL = YES;
				CLANG_ANALYZER_NUMBER_OBJECT_CONVERSION = YES_AGGRESSIVE;
				CLANG_CXX_LANGUAGE_STANDARD = "gnu++20";
				CLANG_ENABLE_MODULES = YES;
				CLANG_ENABLE_OBJC_ARC = YES;
				CLANG_ENABLE_OBJC_WEAK = YES;
				CLANG_WARN_BLOCK_CAPTURE_AUTORELEASING = YES;
				CLANG_WARN_BOOL_CONVERSION = YES;
				CLANG_WARN_COMMA = YES;
				CLANG_WARN_CONSTANT_CONVERSION = YES;
				CLANG_WARN_DEPRECATED_OBJC_IMPLEMENTATIONS = YES;
				CLANG_WARN_DIRECT_OBJC_ISA_USAGE = YES_ERROR;
				CLANG_WARN_DOCUMENTATION_COMMENTS = YES;
				CLANG_WARN_EMPTY_BODY = YES;
				CLANG_WARN_ENUM_CONVERSION = YES;
				CLANG_WARN_INFINITE_RECURSION = YES;
				CLANG_WARN_INT_CONVERSION = YES;
				CLANG_WARN_NON_LITERAL_NULL_CONVERSION = YES;
				CLANG_WARN_OBJC_IMPLICIT_RETAIN_SELF = YES;
				CLANG_WARN_OBJC_LITERAL_CONVERSION = YES;
				CLANG_WARN_OBJC_ROOT_CLASS = YES_ERROR;
				CLANG_WARN_QUOTED_INCLUDE_IN_FRAMEWORK_HEADER = YES;
				CLANG_WARN_RANGE_LOOP_ANALYSIS = YES;
				CLANG_WARN_STRICT_PROTOTYPES = YES;
				CLANG_WARN_SUSPICIOUS_MOVE = YES;
				CLANG_WARN_UNGUARDED_AVAILABILITY = YES_AGGRESSIVE;
				CLANG_WARN_UNREACHABLE_CODE = YES;
				CLANG_WARN__DUPLICATE_METHOD_MATCH = YES;
				COPY_PHASE_STRIP = NO;
				DEBUG_INFORMATION_FORMAT = dwarf;
				ENABLE_STRICT_OBJC_MSGSEND = YES;
				ENABLE_TESTABILITY = YES;
				ENABLE_USER_SCRIPT_SANDBOXING = YES;
				GCC_C_LANGUAGE_STANDARD = gnu17;
				GCC_DYNAMIC_NO_PIC = NO;
				GCC_NO_COMMON_BLOCKS = YES;
				GCC_OPTIMIZATION_LEVEL = 0;
				GCC_PREPROCESSOR_DEFINITIONS = (
					"DEBUG=1",
					"$(inherited)",
				);
				GCC_WARN_64_TO_32_BIT_CONVERSION = YES;
				GCC_WARN_ABOUT_RETURN_TYPE = YES_ERROR;
				GCC_WARN_UNDECLARED_SELECTOR = YES;
				GCC_WARN_UNINITIALIZED_AUTOS = YES_AGGRESSIVE;
				GCC_WARN_UNUSED_FUNCTION = YES;
				GCC_WARN_UNUSED_VARIABLE = YES;
				IPHONEOS_DEPLOYMENT_TARGET = 17.4;
				LOCALIZATION_PREFERS_STRING_CATALOGS = YES;
				MTL_ENABLE_DEBUG_INFO = INCLUDE_SOURCE;
				MTL_FAST_MATH = YES;
				ONLY_ACTIVE_ARCH = YES;
				SDKROOT = iphoneos;
				SWIFT_ACTIVE_COMPILATION_CONDITIONS = "DEBUG $(inherited)";
				SWIFT_OPTIMIZATION_LEVEL = "-Onone";
			};
			name = Debug;
		};
		C212C2252BF2117F004C8FC0 /* Release */ = {
			isa = XCBuildConfiguration;
			buildSettings = {
				ALWAYS_SEARCH_USER_PATHS = NO;
				ASSETCATALOG_COMPILER_GENERATE_SWIFT_ASSET_SYMBOL_EXTENSIONS = YES;
				CLANG_ANALYZER_NONNULL = YES;
				CLANG_ANALYZER_NUMBER_OBJECT_CONVERSION = YES_AGGRESSIVE;
				CLANG_CXX_LANGUAGE_STANDARD = "gnu++20";
				CLANG_ENABLE_MODULES = YES;
				CLANG_ENABLE_OBJC_ARC = YES;
				CLANG_ENABLE_OBJC_WEAK = YES;
				CLANG_WARN_BLOCK_CAPTURE_AUTORELEASING = YES;
				CLANG_WARN_BOOL_CONVERSION = YES;
				CLANG_WARN_COMMA = YES;
				CLANG_WARN_CONSTANT_CONVERSION = YES;
				CLANG_WARN_DEPRECATED_OBJC_IMPLEMENTATIONS = YES;
				CLANG_WARN_DIRECT_OBJC_ISA_USAGE = YES_ERROR;
				CLANG_WARN_DOCUMENTATION_COMMENTS = YES;
				CLANG_WARN_EMPTY_BODY = YES;
				CLANG_WARN_ENUM_CONVERSION = YES;
				CLANG_WARN_INFINITE_RECURSION = YES;
				CLANG_WARN_INT_CONVERSION = YES;
				CLANG_WARN_NON_LITERAL_NULL_CONVERSION = YES;
				CLANG_WARN_OBJC_IMPLICIT_RETAIN_SELF = YES;
				CLANG_WARN_OBJC_LITERAL_CONVERSION = YES;
				CLANG_WARN_OBJC_ROOT_CLASS = YES_ERROR;
				CLANG_WARN_QUOTED_INCLUDE_IN_FRAMEWORK_HEADER = YES;
				CLANG_WARN_RANGE_LOOP_ANALYSIS = YES;
				CLANG_WARN_STRICT_PROTOTYPES = YES;
				CLANG_WARN_SUSPICIOUS_MOVE = YES;
				CLANG_WARN_UNGUARDED_AVAILABILITY = YES_AGGRESSIVE;
				CLANG_WARN_UNREACHABLE_CODE = YES;
				CLANG_WARN__DUPLICATE_METHOD_MATCH = YES;
				COPY_PHASE_STRIP = NO;
				DEBUG_INFORMATION_FORMAT = "dwarf-with-dsym";
				ENABLE_NS_ASSERTIONS = NO;
				ENABLE_STRICT_OBJC_MSGSEND = YES;
				ENABLE_USER_SCRIPT_SANDBOXING = YES;
				GCC_C_LANGUAGE_STANDARD = gnu17;
				GCC_NO_COMMON_BLOCKS = YES;
				GCC_WARN_64_TO_32_BIT_CONVERSION = YES;
				GCC_WARN_ABOUT_RETURN_TYPE = YES_ERROR;
				GCC_WARN_UNDECLARED_SELECTOR = YES;
				GCC_WARN_UNINITIALIZED_AUTOS = YES_AGGRESSIVE;
				GCC_WARN_UNUSED_FUNCTION = YES;
				GCC_WARN_UNUSED_VARIABLE = YES;
				IPHONEOS_DEPLOYMENT_TARGET = 17.4;
				LOCALIZATION_PREFERS_STRING_CATALOGS = YES;
				MTL_ENABLE_DEBUG_INFO = NO;
				MTL_FAST_MATH = YES;
				SDKROOT = iphoneos;
				SWIFT_COMPILATION_MODE = wholemodule;
				VALIDATE_PRODUCT = YES;
			};
			name = Release;
		};
		C212C2272BF2117F004C8FC0 /* Debug */ = {
			isa = XCBuildConfiguration;
			buildSettings = {
				ASSETCATALOG_COMPILER_APPICON_NAME = AppIcon;
				ASSETCATALOG_COMPILER_GLOBAL_ACCENT_COLOR_NAME = AccentColor;
				CODE_SIGN_STYLE = Automatic;
				CURRENT_PROJECT_VERSION = 1;
				GENERATE_INFOPLIST_FILE = YES;
				INFOPLIST_FILE = UnitCreator/Info.plist;
				INFOPLIST_KEY_UIApplicationSupportsIndirectInputEvents = YES;
				INFOPLIST_KEY_UILaunchStoryboardName = LaunchScreen;
				INFOPLIST_KEY_UIMainStoryboardFile = Main;
				INFOPLIST_KEY_UISupportedInterfaceOrientations_iPad = "UIInterfaceOrientationPortrait UIInterfaceOrientationPortraitUpsideDown UIInterfaceOrientationLandscapeLeft UIInterfaceOrientationLandscapeRight";
				INFOPLIST_KEY_UISupportedInterfaceOrientations_iPhone = "UIInterfaceOrientationPortrait UIInterfaceOrientationLandscapeLeft UIInterfaceOrientationLandscapeRight";
				LD_RUNPATH_SEARCH_PATHS = (
					"$(inherited)",
					"@executable_path/Frameworks",
				);
				MARKETING_VERSION = 1.0;
				PRODUCT_BUNDLE_IDENTIFIER = com.gitgit.myapp.UnitCreator;
				PRODUCT_NAME = "$(TARGET_NAME)";
				SWIFT_EMIT_LOC_STRINGS = YES;
				SWIFT_VERSION = 5.0;
				TARGETED_DEVICE_FAMILY = "1,2";
			};
			name = Debug;
		};
		C212C2282BF2117F004C8FC0 /* Release */ = {
			isa = XCBuildConfiguration;
			buildSettings = {
				ASSETCATALOG_COMPILER_APPICON_NAME = AppIcon;
				ASSETCATALOG_COMPILER_GLOBAL_ACCENT_COLOR_NAME = AccentColor;
				CODE_SIGN_STYLE = Automatic;
				CURRENT_PROJECT_VERSION = 1;
				GENERATE_INFOPLIST_FILE = YES;
				INFOPLIST_FILE = UnitCreator/Info.plist;
				INFOPLIST_KEY_UIApplicationSupportsIndirectInputEvents = YES;
				INFOPLIST_KEY_UILaunchStoryboardName = LaunchScreen;
				INFOPLIST_KEY_UIMainStoryboardFile = Main;
				INFOPLIST_KEY_UISupportedInterfaceOrientations_iPad = "UIInterfaceOrientationPortrait UIInterfaceOrientationPortraitUpsideDown UIInterfaceOrientationLandscapeLeft UIInterfaceOrientationLandscapeRight";
				INFOPLIST_KEY_UISupportedInterfaceOrientations_iPhone = "UIInterfaceOrientationPortrait UIInterfaceOrientationLandscapeLeft UIInterfaceOrientationLandscapeRight";
				LD_RUNPATH_SEARCH_PATHS = (
					"$(inherited)",
					"@executable_path/Frameworks",
				);
				MARKETING_VERSION = 1.0;
				PRODUCT_BUNDLE_IDENTIFIER = com.gitgit.myapp.UnitCreator;
				PRODUCT_NAME = "$(TARGET_NAME)";
				SWIFT_EMIT_LOC_STRINGS = YES;
				SWIFT_VERSION = 5.0;
				TARGETED_DEVICE_FAMILY = "1,2";
			};
			name = Release;
		};
		C212C23B2BF2EDAD004C8FC0 /* Debug */ = {
			isa = XCBuildConfiguration;
			buildSettings = {
				BUNDLE_LOADER = "$(TEST_HOST)";
				CODE_SIGN_STYLE = Automatic;
				CURRENT_PROJECT_VERSION = 1;
				GENERATE_INFOPLIST_FILE = YES;
				MARKETING_VERSION = 1.0;
				PRODUCT_BUNDLE_IDENTIFIER = com.gitgit.myapp.UnitCreatorTests;
				PRODUCT_NAME = "$(TARGET_NAME)";
				SWIFT_EMIT_LOC_STRINGS = NO;
				SWIFT_VERSION = 5.0;
				TARGETED_DEVICE_FAMILY = "1,2";
				TEST_HOST = "$(BUILT_PRODUCTS_DIR)/UnitCreator.app/$(BUNDLE_EXECUTABLE_FOLDER_PATH)/UnitCreator";
			};
			name = Debug;
		};
		C212C23C2BF2EDAD004C8FC0 /* Release */ = {
			isa = XCBuildConfiguration;
			buildSettings = {
				BUNDLE_LOADER = "$(TEST_HOST)";
				CODE_SIGN_STYLE = Automatic;
				CURRENT_PROJECT_VERSION = 1;
				GENERATE_INFOPLIST_FILE = YES;
				MARKETING_VERSION = 1.0;
				PRODUCT_BUNDLE_IDENTIFIER = com.gitgit.myapp.UnitCreatorTests;
				PRODUCT_NAME = "$(TARGET_NAME)";
				SWIFT_EMIT_LOC_STRINGS = NO;
				SWIFT_VERSION = 5.0;
				TARGETED_DEVICE_FAMILY = "1,2";
				TEST_HOST = "$(BUILT_PRODUCTS_DIR)/UnitCreator.app/$(BUNDLE_EXECUTABLE_FOLDER_PATH)/UnitCreator";
			};
			name = Release;
		};
/* End XCBuildConfiguration section */

/* Begin XCConfigurationList section */
		C212C20D2BF2117D004C8FC0 /* Build configuration list for PBXProject "UnitCreator" */ = {
			isa = XCConfigurationList;
			buildConfigurations = (
				C212C2242BF2117F004C8FC0 /* Debug */,
				C212C2252BF2117F004C8FC0 /* Release */,
			);
			defaultConfigurationIsVisible = 0;
			defaultConfigurationName = Release;
		};
		C212C2262BF2117F004C8FC0 /* Build configuration list for PBXNativeTarget "UnitCreator" */ = {
			isa = XCConfigurationList;
			buildConfigurations = (
				C212C2272BF2117F004C8FC0 /* Debug */,
				C212C2282BF2117F004C8FC0 /* Release */,
			);
			defaultConfigurationIsVisible = 0;
			defaultConfigurationName = Release;
		};
		C212C23A2BF2EDAD004C8FC0 /* Build configuration list for PBXNativeTarget "UnitCreatorTests" */ = {
			isa = XCConfigurationList;
			buildConfigurations = (
				C212C23B2BF2EDAD004C8FC0 /* Debug */,
				C212C23C2BF2EDAD004C8FC0 /* Release */,
			);
			defaultConfigurationIsVisible = 0;
			defaultConfigurationName = Release;
		};
/* End XCConfigurationList section */

/* Begin XCRemoteSwiftPackageReference section */
		C212C22D2BF2EC58004C8FC0 /* XCRemoteSwiftPackageReference "swift-collections" */ = {
			isa = XCRemoteSwiftPackageReference;
			repositoryURL = "https://github.com/apple/swift-collections.git";
			requirement = {
				kind = upToNextMajorVersion;
				minimumVersion = 1.1.0;
			};
		};
/* End XCRemoteSwiftPackageReference section */

/* Begin XCSwiftPackageProductDependency section */
		C212C23E2BF2EEBE004C8FC0 /* DequeModule */ = {
			isa = XCSwiftPackageProductDependency;
			package = C212C22D2BF2EC58004C8FC0 /* XCRemoteSwiftPackageReference "swift-collections" */;
			productName = DequeModule;
		};
/* End XCSwiftPackageProductDependency section */
	};
	rootObject = C212C20A2BF2117D004C8FC0 /* Project object */;
}
